
Microsoft Visual Studio Solution File, Format Version 12.00
# Visual Studio Version 17
VisualStudioVersion = 17.10.35013.160
MinimumVisualStudioVersion = 10.0.40219.1
Project("{FAE04EC0-301F-11D3-BF4B-00C04F79EFBC}") = "Login", "Login\Login.csproj", "{833187F1-517B-42F7-812D-0900E1DCE2BC}"
EndProject
Global
	GlobalSection(SolutionConfigurationPlatforms) = preSolution
		Debug|Any CPU = Debug|Any CPU
		Release|Any CPU = Release|Any CPU
	EndGlobalSection
	GlobalSection(ProjectConfigurationPlatforms) = postSolution
		{833187F1-517B-42F7-812D-0900E1DCE2BC}.Debug|Any CPU.ActiveCfg = Debug|Any CPU
		{833187F1-517B-42F7-812D-0900E1DCE2BC}.Debug|Any CPU.Build.0 = Debug|Any CPU
		{833187F1-517B-42F7-812D-0900E1DCE2BC}.Release|Any CPU.ActiveCfg = Release|Any CPU
		{833187F1-517B-42F7-812D-0900E1DCE2BC}.Release|Any CPU.Build.0 = Release|Any CPU
	EndGlobalSection
	GlobalSection(SolutionProperties) = preSolution
		HideSolutionNode = FALSE
	EndGlobalSection
	GlobalSection(ExtensibilityGlobals) = postSolution
		SolutionGuid = {791750A2-0491-4CBF-8C36-3D1758E3E37E}
	EndGlobalSection
EndGlobal
